// !$*UTF8*$!
{
	archiveVersion = 1;
	classes = {
	};
	objectVersion = 56;
	objects = {

/* Begin PBXBuildFile section */
		44476BFB2AD3D1D7002C456B /* AppDelegate.swift in Sources */ = {isa = PBXBuildFile; fileRef = 44476BFA2AD3D1D7002C456B /* AppDelegate.swift */; };
		44476BFD2AD3D1D7002C456B /* SceneDelegate.swift in Sources */ = {isa = PBXBuildFile; fileRef = 44476BFC2AD3D1D7002C456B /* SceneDelegate.swift */; };
		44476BFF2AD3D1D7002C456B /* HomeViewController.swift in Sources */ = {isa = PBXBuildFile; fileRef = 44476BFE2AD3D1D7002C456B /* HomeViewController.swift */; };
		44476C042AD3D1D8002C456B /* Assets.xcassets in Resources */ = {isa = PBXBuildFile; fileRef = 44476C032AD3D1D8002C456B /* Assets.xcassets */; };
		44476C072AD3D1D8002C456B /* LaunchScreen.storyboard in Resources */ = {isa = PBXBuildFile; fileRef = 44476C052AD3D1D8002C456B /* LaunchScreen.storyboard */; };
		44476C152AD3E38E002C456B /* HomeViewModel.swift in Sources */ = {isa = PBXBuildFile; fileRef = 44476C142AD3E38E002C456B /* HomeViewModel.swift */; };
		44476C172AD40C4B002C456B /* UserLocation.swift in Sources */ = {isa = PBXBuildFile; fileRef = 44476C162AD40C4B002C456B /* UserLocation.swift */; };
		44476C1A2AD532F8002C456B /* NetworkingManager.swift in Sources */ = {isa = PBXBuildFile; fileRef = 44476C192AD532F8002C456B /* NetworkingManager.swift */; };
		44476C1D2AD537FF002C456B /* URLSessionProtocol.swift in Sources */ = {isa = PBXBuildFile; fileRef = 44476C1C2AD537FF002C456B /* URLSessionProtocol.swift */; };
		44476C202AD538B3002C456B /* URLSession+.swift in Sources */ = {isa = PBXBuildFile; fileRef = 44476C1F2AD538B3002C456B /* URLSession+.swift */; };
		44476C232AD5391D002C456B /* NetworkError.swift in Sources */ = {isa = PBXBuildFile; fileRef = 44476C222AD5391D002C456B /* NetworkError.swift */; };
		44476C272AD576CA002C456B /* ParkingLot.swift in Sources */ = {isa = PBXBuildFile; fileRef = 44476C262AD576CA002C456B /* ParkingLot.swift */; };
/* End PBXBuildFile section */

/* Begin PBXFileReference section */
		44476BF72AD3D1D7002C456B /* ParkingCenter.app */ = {isa = PBXFileReference; explicitFileType = wrapper.application; includeInIndex = 0; path = ParkingCenter.app; sourceTree = BUILT_PRODUCTS_DIR; };
		44476BFA2AD3D1D7002C456B /* AppDelegate.swift */ = {isa = PBXFileReference; lastKnownFileType = sourcecode.swift; path = AppDelegate.swift; sourceTree = "<group>"; };
		44476BFC2AD3D1D7002C456B /* SceneDelegate.swift */ = {isa = PBXFileReference; lastKnownFileType = sourcecode.swift; path = SceneDelegate.swift; sourceTree = "<group>"; };
		44476BFE2AD3D1D7002C456B /* HomeViewController.swift */ = {isa = PBXFileReference; lastKnownFileType = sourcecode.swift; path = HomeViewController.swift; sourceTree = "<group>"; };
		44476C032AD3D1D8002C456B /* Assets.xcassets */ = {isa = PBXFileReference; lastKnownFileType = folder.assetcatalog; path = Assets.xcassets; sourceTree = "<group>"; };
		44476C062AD3D1D8002C456B /* Base */ = {isa = PBXFileReference; lastKnownFileType = file.storyboard; name = Base; path = Base.lproj/LaunchScreen.storyboard; sourceTree = "<group>"; };
		44476C082AD3D1D8002C456B /* Info.plist */ = {isa = PBXFileReference; lastKnownFileType = text.plist.xml; path = Info.plist; sourceTree = "<group>"; };
		44476C142AD3E38E002C456B /* HomeViewModel.swift */ = {isa = PBXFileReference; lastKnownFileType = sourcecode.swift; path = HomeViewModel.swift; sourceTree = "<group>"; };
		44476C162AD40C4B002C456B /* UserLocation.swift */ = {isa = PBXFileReference; lastKnownFileType = sourcecode.swift; path = UserLocation.swift; sourceTree = "<group>"; };
		44476C192AD532F8002C456B /* NetworkingManager.swift */ = {isa = PBXFileReference; lastKnownFileType = sourcecode.swift; path = NetworkingManager.swift; sourceTree = "<group>"; };
		44476C1C2AD537FF002C456B /* URLSessionProtocol.swift */ = {isa = PBXFileReference; lastKnownFileType = sourcecode.swift; path = URLSessionProtocol.swift; sourceTree = "<group>"; };
		44476C1F2AD538B3002C456B /* URLSession+.swift */ = {isa = PBXFileReference; lastKnownFileType = sourcecode.swift; path = "URLSession+.swift"; sourceTree = "<group>"; };
		44476C222AD5391D002C456B /* NetworkError.swift */ = {isa = PBXFileReference; lastKnownFileType = sourcecode.swift; path = NetworkError.swift; sourceTree = "<group>"; };
		44476C262AD576CA002C456B /* ParkingLot.swift */ = {isa = PBXFileReference; lastKnownFileType = sourcecode.swift; path = ParkingLot.swift; sourceTree = "<group>"; };
		44476C282AD58443002C456B /* Secrets.xcconfig */ = {isa = PBXFileReference; lastKnownFileType = text.xcconfig; path = Secrets.xcconfig; sourceTree = "<group>"; };
/* End PBXFileReference section */

/* Begin PBXFrameworksBuildPhase section */
		44476BF42AD3D1D7002C456B /* Frameworks */ = {
			isa = PBXFrameworksBuildPhase;
			buildActionMask = 2147483647;
			files = (
			);
			runOnlyForDeploymentPostprocessing = 0;
		};
/* End PBXFrameworksBuildPhase section */

/* Begin PBXGroup section */
		44476BEE2AD3D1D7002C456B = {
			isa = PBXGroup;
			children = (
				44476BF92AD3D1D7002C456B /* ParkingCenter */,
				44476BF82AD3D1D7002C456B /* Products */,
			);
			sourceTree = "<group>";
		};
		44476BF82AD3D1D7002C456B /* Products */ = {
			isa = PBXGroup;
			children = (
				44476BF72AD3D1D7002C456B /* ParkingCenter.app */,
			);
			name = Products;
			sourceTree = "<group>";
		};
		44476BF92AD3D1D7002C456B /* ParkingCenter */ = {
			isa = PBXGroup;
			children = (
				44476C102AD3E27A002C456B /* View */,
				44476C132AD3E369002C456B /* ViewModel */,
				44476C182AD40C5A002C456B /* Model */,
				44476C1E2AD538A4002C456B /* Extension */,
				44476C212AD53910002C456B /* Error */,
				44476C0E2AD3D9BC002C456B /* Application */,
				44476C0F2AD3DA38002C456B /* Resource */,
				44476C282AD58443002C456B /* Secrets.xcconfig */,
			);
			path = ParkingCenter;
			sourceTree = "<group>";
		};
		44476C0E2AD3D9BC002C456B /* Application */ = {
			isa = PBXGroup;
			children = (
				44476BFA2AD3D1D7002C456B /* AppDelegate.swift */,
				44476BFC2AD3D1D7002C456B /* SceneDelegate.swift */,
			);
			path = Application;
			sourceTree = "<group>";
		};
		44476C0F2AD3DA38002C456B /* Resource */ = {
			isa = PBXGroup;
			children = (
				44476C032AD3D1D8002C456B /* Assets.xcassets */,
				44476C082AD3D1D8002C456B /* Info.plist */,
			);
			path = Resource;
			sourceTree = "<group>";
		};
		44476C102AD3E27A002C456B /* View */ = {
			isa = PBXGroup;
			children = (
				44476BFE2AD3D1D7002C456B /* HomeViewController.swift */,
				44476C052AD3D1D8002C456B /* LaunchScreen.storyboard */,
			);
			path = View;
			sourceTree = "<group>";
		};
		44476C132AD3E369002C456B /* ViewModel */ = {
			isa = PBXGroup;
			children = (
				44476C142AD3E38E002C456B /* HomeViewModel.swift */,
			);
			path = ViewModel;
			sourceTree = "<group>";
		};
		44476C182AD40C5A002C456B /* Model */ = {
			isa = PBXGroup;
			children = (
				44476C1B2AD537EB002C456B /* Networking */,
				44476C162AD40C4B002C456B /* UserLocation.swift */,
				44476C262AD576CA002C456B /* ParkingLot.swift */,
			);
			path = Model;
			sourceTree = "<group>";
		};
		44476C1B2AD537EB002C456B /* Networking */ = {
			isa = PBXGroup;
			children = (
				44476C192AD532F8002C456B /* NetworkingManager.swift */,
				44476C1C2AD537FF002C456B /* URLSessionProtocol.swift */,
			);
			path = Networking;
			sourceTree = "<group>";
		};
		44476C1E2AD538A4002C456B /* Extension */ = {
			isa = PBXGroup;
			children = (
				44476C1F2AD538B3002C456B /* URLSession+.swift */,
			);
			path = Extension;
			sourceTree = "<group>";
		};
		44476C212AD53910002C456B /* Error */ = {
			isa = PBXGroup;
			children = (
				44476C222AD5391D002C456B /* NetworkError.swift */,
			);
			path = Error;
			sourceTree = "<group>";
		};
/* End PBXGroup section */

/* Begin PBXNativeTarget section */
		44476BF62AD3D1D7002C456B /* ParkingCenter */ = {
			isa = PBXNativeTarget;
			buildConfigurationList = 44476C0B2AD3D1D8002C456B /* Build configuration list for PBXNativeTarget "ParkingCenter" */;
			buildPhases = (
				44476BF32AD3D1D7002C456B /* Sources */,
				44476BF42AD3D1D7002C456B /* Frameworks */,
				44476BF52AD3D1D7002C456B /* Resources */,
			);
			buildRules = (
			);
			dependencies = (
			);
			name = ParkingCenter;
			productName = ParkingCenter;
			productReference = 44476BF72AD3D1D7002C456B /* ParkingCenter.app */;
			productType = "com.apple.product-type.application";
		};
/* End PBXNativeTarget section */

/* Begin PBXProject section */
		44476BEF2AD3D1D7002C456B /* Project object */ = {
			isa = PBXProject;
			attributes = {
				BuildIndependentTargetsInParallel = 1;
				LastSwiftUpdateCheck = 1430;
				LastUpgradeCheck = 1430;
				TargetAttributes = {
					44476BF62AD3D1D7002C456B = {
						CreatedOnToolsVersion = 14.3.1;
					};
				};
			};
			buildConfigurationList = 44476BF22AD3D1D7002C456B /* Build configuration list for PBXProject "ParkingCenter" */;
			compatibilityVersion = "Xcode 14.0";
			developmentRegion = en;
			hasScannedForEncodings = 0;
			knownRegions = (
				en,
				Base,
			);
			mainGroup = 44476BEE2AD3D1D7002C456B;
			productRefGroup = 44476BF82AD3D1D7002C456B /* Products */;
			projectDirPath = "";
			projectRoot = "";
			targets = (
				44476BF62AD3D1D7002C456B /* ParkingCenter */,
			);
		};
/* End PBXProject section */

/* Begin PBXResourcesBuildPhase section */
		44476BF52AD3D1D7002C456B /* Resources */ = {
			isa = PBXResourcesBuildPhase;
			buildActionMask = 2147483647;
			files = (
				44476C072AD3D1D8002C456B /* LaunchScreen.storyboard in Resources */,
				44476C042AD3D1D8002C456B /* Assets.xcassets in Resources */,
			);
			runOnlyForDeploymentPostprocessing = 0;
		};
/* End PBXResourcesBuildPhase section */

/* Begin PBXSourcesBuildPhase section */
		44476BF32AD3D1D7002C456B /* Sources */ = {
			isa = PBXSourcesBuildPhase;
			buildActionMask = 2147483647;
			files = (
				44476C1D2AD537FF002C456B /* URLSessionProtocol.swift in Sources */,
				44476BFF2AD3D1D7002C456B /* HomeViewController.swift in Sources */,
				44476C172AD40C4B002C456B /* UserLocation.swift in Sources */,
				44476BFB2AD3D1D7002C456B /* AppDelegate.swift in Sources */,
				44476C272AD576CA002C456B /* ParkingLot.swift in Sources */,
				44476C1A2AD532F8002C456B /* NetworkingManager.swift in Sources */,
				44476C152AD3E38E002C456B /* HomeViewModel.swift in Sources */,
				44476C232AD5391D002C456B /* NetworkError.swift in Sources */,
				44476C202AD538B3002C456B /* URLSession+.swift in Sources */,
				44476BFD2AD3D1D7002C456B /* SceneDelegate.swift in Sources */,
			);
			runOnlyForDeploymentPostprocessing = 0;
		};
/* End PBXSourcesBuildPhase section */

/* Begin PBXVariantGroup section */
		44476C052AD3D1D8002C456B /* LaunchScreen.storyboard */ = {
			isa = PBXVariantGroup;
			children = (
				44476C062AD3D1D8002C456B /* Base */,
			);
			name = LaunchScreen.storyboard;
			sourceTree = "<group>";
		};
/* End PBXVariantGroup section */

/* Begin XCBuildConfiguration section */
		44476C092AD3D1D8002C456B /* Debug */ = {
			isa = XCBuildConfiguration;
			buildSettings = {
				ALWAYS_SEARCH_USER_PATHS = NO;
				CLANG_ANALYZER_NONNULL = YES;
				CLANG_ANALYZER_NUMBER_OBJECT_CONVERSION = YES_AGGRESSIVE;
				CLANG_CXX_LANGUAGE_STANDARD = "gnu++20";
				CLANG_ENABLE_MODULES = YES;
				CLANG_ENABLE_OBJC_ARC = YES;
				CLANG_ENABLE_OBJC_WEAK = YES;
				CLANG_WARN_BLOCK_CAPTURE_AUTORELEASING = YES;
				CLANG_WARN_BOOL_CONVERSION = YES;
				CLANG_WARN_COMMA = YES;
				CLANG_WARN_CONSTANT_CONVERSION = YES;
				CLANG_WARN_DEPRECATED_OBJC_IMPLEMENTATIONS = YES;
				CLANG_WARN_DIRECT_OBJC_ISA_USAGE = YES_ERROR;
				CLANG_WARN_DOCUMENTATION_COMMENTS = YES;
				CLANG_WARN_EMPTY_BODY = YES;
				CLANG_WARN_ENUM_CONVERSION = YES;
				CLANG_WARN_INFINITE_RECURSION = YES;
				CLANG_WARN_INT_CONVERSION = YES;
				CLANG_WARN_NON_LITERAL_NULL_CONVERSION = YES;
				CLANG_WARN_OBJC_IMPLICIT_RETAIN_SELF = YES;
				CLANG_WARN_OBJC_LITERAL_CONVERSION = YES;
				CLANG_WARN_OBJC_ROOT_CLASS = YES_ERROR;
				CLANG_WARN_QUOTED_INCLUDE_IN_FRAMEWORK_HEADER = YES;
				CLANG_WARN_RANGE_LOOP_ANALYSIS = YES;
				CLANG_WARN_STRICT_PROTOTYPES = YES;
				CLANG_WARN_SUSPICIOUS_MOVE = YES;
				CLANG_WARN_UNGUARDED_AVAILABILITY = YES_AGGRESSIVE;
				CLANG_WARN_UNREACHABLE_CODE = YES;
				CLANG_WARN__DUPLICATE_METHOD_MATCH = YES;
				COPY_PHASE_STRIP = NO;
				DEBUG_INFORMATION_FORMAT = dwarf;
				ENABLE_STRICT_OBJC_MSGSEND = YES;
				ENABLE_TESTABILITY = YES;
				GCC_C_LANGUAGE_STANDARD = gnu11;
				GCC_DYNAMIC_NO_PIC = NO;
				GCC_NO_COMMON_BLOCKS = YES;
				GCC_OPTIMIZATION_LEVEL = 0;
				GCC_PREPROCESSOR_DEFINITIONS = (
					"DEBUG=1",
					"$(inherited)",
				);
				GCC_WARN_64_TO_32_BIT_CONVERSION = YES;
				GCC_WARN_ABOUT_RETURN_TYPE = YES_ERROR;
				GCC_WARN_UNDECLARED_SELECTOR = YES;
				GCC_WARN_UNINITIALIZED_AUTOS = YES_AGGRESSIVE;
				GCC_WARN_UNUSED_FUNCTION = YES;
				GCC_WARN_UNUSED_VARIABLE = YES;
				IPHONEOS_DEPLOYMENT_TARGET = 15.0;
				MTL_ENABLE_DEBUG_INFO = INCLUDE_SOURCE;
				MTL_FAST_MATH = YES;
				ONLY_ACTIVE_ARCH = YES;
				SDKROOT = iphoneos;
				SWIFT_ACTIVE_COMPILATION_CONDITIONS = DEBUG;
				SWIFT_OPTIMIZATION_LEVEL = "-Onone";
			};
			name = Debug;
		};
		44476C0A2AD3D1D8002C456B /* Release */ = {
			isa = XCBuildConfiguration;
			buildSettings = {
				ALWAYS_SEARCH_USER_PATHS = NO;
				CLANG_ANALYZER_NONNULL = YES;
				CLANG_ANALYZER_NUMBER_OBJECT_CONVERSION = YES_AGGRESSIVE;
				CLANG_CXX_LANGUAGE_STANDARD = "gnu++20";
				CLANG_ENABLE_MODULES = YES;
				CLANG_ENABLE_OBJC_ARC = YES;
				CLANG_ENABLE_OBJC_WEAK = YES;
				CLANG_WARN_BLOCK_CAPTURE_AUTORELEASING = YES;
				CLANG_WARN_BOOL_CONVERSION = YES;
				CLANG_WARN_COMMA = YES;
				CLANG_WARN_CONSTANT_CONVERSION = YES;
				CLANG_WARN_DEPRECATED_OBJC_IMPLEMENTATIONS = YES;
				CLANG_WARN_DIRECT_OBJC_ISA_USAGE = YES_ERROR;
				CLANG_WARN_DOCUMENTATION_COMMENTS = YES;
				CLANG_WARN_EMPTY_BODY = YES;
				CLANG_WARN_ENUM_CONVERSION = YES;
				CLANG_WARN_INFINITE_RECURSION = YES;
				CLANG_WARN_INT_CONVERSION = YES;
				CLANG_WARN_NON_LITERAL_NULL_CONVERSION = YES;
				CLANG_WARN_OBJC_IMPLICIT_RETAIN_SELF = YES;
				CLANG_WARN_OBJC_LITERAL_CONVERSION = YES;
				CLANG_WARN_OBJC_ROOT_CLASS = YES_ERROR;
				CLANG_WARN_QUOTED_INCLUDE_IN_FRAMEWORK_HEADER = YES;
				CLANG_WARN_RANGE_LOOP_ANALYSIS = YES;
				CLANG_WARN_STRICT_PROTOTYPES = YES;
				CLANG_WARN_SUSPICIOUS_MOVE = YES;
				CLANG_WARN_UNGUARDED_AVAILABILITY = YES_AGGRESSIVE;
				CLANG_WARN_UNREACHABLE_CODE = YES;
				CLANG_WARN__DUPLICATE_METHOD_MATCH = YES;
				COPY_PHASE_STRIP = NO;
				DEBUG_INFORMATION_FORMAT = "dwarf-with-dsym";
				ENABLE_NS_ASSERTIONS = NO;
				ENABLE_STRICT_OBJC_MSGSEND = YES;
				GCC_C_LANGUAGE_STANDARD = gnu11;
				GCC_NO_COMMON_BLOCKS = YES;
				GCC_WARN_64_TO_32_BIT_CONVERSION = YES;
				GCC_WARN_ABOUT_RETURN_TYPE = YES_ERROR;
				GCC_WARN_UNDECLARED_SELECTOR = YES;
				GCC_WARN_UNINITIALIZED_AUTOS = YES_AGGRESSIVE;
				GCC_WARN_UNUSED_FUNCTION = YES;
				GCC_WARN_UNUSED_VARIABLE = YES;
				IPHONEOS_DEPLOYMENT_TARGET = 15.0;
				MTL_ENABLE_DEBUG_INFO = NO;
				MTL_FAST_MATH = YES;
				SDKROOT = iphoneos;
				SWIFT_COMPILATION_MODE = wholemodule;
				SWIFT_OPTIMIZATION_LEVEL = "-O";
				VALIDATE_PRODUCT = YES;
			};
			name = Release;
		};
		44476C0C2AD3D1D8002C456B /* Debug */ = {
			isa = XCBuildConfiguration;
			baseConfigurationReference = 44476C282AD58443002C456B /* Secrets.xcconfig */;
			buildSettings = {
				ASSETCATALOG_COMPILER_APPICON_NAME = AppIcon;
				ASSETCATALOG_COMPILER_GLOBAL_ACCENT_COLOR_NAME = AccentColor;
				CODE_SIGN_STYLE = Automatic;
				CURRENT_PROJECT_VERSION = 1;
				GENERATE_INFOPLIST_FILE = YES;
				INFOPLIST_FILE = ParkingCenter/Resource/Info.plist;
				INFOPLIST_KEY_UIApplicationSupportsIndirectInputEvents = YES;
				INFOPLIST_KEY_UILaunchStoryboardName = LaunchScreen;
				INFOPLIST_KEY_UISupportedInterfaceOrientations_iPad = "UIInterfaceOrientationPortrait UIInterfaceOrientationPortraitUpsideDown UIInterfaceOrientationLandscapeLeft UIInterfaceOrientationLandscapeRight";
				INFOPLIST_KEY_UISupportedInterfaceOrientations_iPhone = "UIInterfaceOrientationPortrait UIInterfaceOrientationLandscapeLeft UIInterfaceOrientationLandscapeRight";
				LD_RUNPATH_SEARCH_PATHS = (
					"$(inherited)",
					"@executable_path/Frameworks",
				);
				MARKETING_VERSION = 1.0;
				PRODUCT_BUNDLE_IDENTIFIER = net.mary.ParkingCenter;
				PRODUCT_NAME = "$(TARGET_NAME)";
				SWIFT_EMIT_LOC_STRINGS = YES;
				SWIFT_VERSION = 5.0;
				TARGETED_DEVICE_FAMILY = "1,2";
			};
			name = Debug;
		};
		44476C0D2AD3D1D8002C456B /* Release */ = {
			isa = XCBuildConfiguration;
			baseConfigurationReference = 44476C282AD58443002C456B /* Secrets.xcconfig */;
			buildSettings = {
				ASSETCATALOG_COMPILER_APPICON_NAME = AppIcon;
				ASSETCATALOG_COMPILER_GLOBAL_ACCENT_COLOR_NAME = AccentColor;
				CODE_SIGN_STYLE = Automatic;
				CURRENT_PROJECT_VERSION = 1;
				GENERATE_INFOPLIST_FILE = YES;
				INFOPLIST_FILE = ParkingCenter/Resource/Info.plist;
				INFOPLIST_KEY_UIApplicationSupportsIndirectInputEvents = YES;
				INFOPLIST_KEY_UILaunchStoryboardName = LaunchScreen;
				INFOPLIST_KEY_UISupportedInterfaceOrientations_iPad = "UIInterfaceOrientationPortrait UIInterfaceOrientationPortraitUpsideDown UIInterfaceOrientationLandscapeLeft UIInterfaceOrientationLandscapeRight";
				INFOPLIST_KEY_UISupportedInterfaceOrientations_iPhone = "UIInterfaceOrientationPortrait UIInterfaceOrientationLandscapeLeft UIInterfaceOrientationLandscapeRight";
				LD_RUNPATH_SEARCH_PATHS = (
					"$(inherited)",
					"@executable_path/Frameworks",
				);
				MARKETING_VERSION = 1.0;
				PRODUCT_BUNDLE_IDENTIFIER = net.mary.ParkingCenter;
				PRODUCT_NAME = "$(TARGET_NAME)";
				SWIFT_EMIT_LOC_STRINGS = YES;
				SWIFT_VERSION = 5.0;
				TARGETED_DEVICE_FAMILY = "1,2";
			};
			name = Release;
		};
/* End XCBuildConfiguration section */

/* Begin XCConfigurationList section */
		44476BF22AD3D1D7002C456B /* Build configuration list for PBXProject "ParkingCenter" */ = {
			isa = XCConfigurationList;
			buildConfigurations = (
				44476C092AD3D1D8002C456B /* Debug */,
				44476C0A2AD3D1D8002C456B /* Release */,
			);
			defaultConfigurationIsVisible = 0;
			defaultConfigurationName = Release;
		};
		44476C0B2AD3D1D8002C456B /* Build configuration list for PBXNativeTarget "ParkingCenter" */ = {
			isa = XCConfigurationList;
			buildConfigurations = (
				44476C0C2AD3D1D8002C456B /* Debug */,
				44476C0D2AD3D1D8002C456B /* Release */,
			);
			defaultConfigurationIsVisible = 0;
			defaultConfigurationName = Release;
		};
/* End XCConfigurationList section */
	};
	rootObject = 44476BEF2AD3D1D7002C456B /* Project object */;
}
